
Microsoft Visual Studio Solution File, Format Version 12.00
# Visual Studio Version 17
VisualStudioVersion = 17.3.32922.545
MinimumVisualStudioVersion = 10.0.40219.1
Project("{FAE04EC0-301F-11D3-BF4B-00C04F79EFBC}") = "WcfService", "WcfService\WcfService.csproj", "{54D14E0E-D586-4C35-9F2C-0506C7F0915C}"
EndProject
Project("{FAE04EC0-301F-11D3-BF4B-00C04F79EFBC}") = "Client", "Client\Client.csproj", "{735C8A20-EAE3-4263-BC2C-23A6CAA02EAD}"
	ProjectSection(ProjectDependencies) = postProject
		{54D14E0E-D586-4C35-9F2C-0506C7F0915C} = {54D14E0E-D586-4C35-9F2C-0506C7F0915C}
	EndProjectSection
EndProject
Global
	GlobalSection(SolutionConfigurationPlatforms) = preSolution
		Debug|Any CPU = Debug|Any CPU
		Release|Any CPU = Release|Any CPU
	EndGlobalSection
	GlobalSection(ProjectConfigurationPlatforms) = postSolution
		{54D14E0E-D586-4C35-9F2C-0506C7F0915C}.Debug|Any CPU.ActiveCfg = Debug|Any CPU
		{54D14E0E-D586-4C35-9F2C-0506C7F0915C}.Debug|Any CPU.Build.0 = Debug|Any CPU
		{54D14E0E-D586-4C35-9F2C-0506C7F0915C}.Release|Any CPU.ActiveCfg = Release|Any CPU
		{54D14E0E-D586-4C35-9F2C-0506C7F0915C}.Release|Any CPU.Build.0 = Release|Any CPU
		{735C8A20-EAE3-4263-BC2C-23A6CAA02EAD}.Debug|Any CPU.ActiveCfg = Debug|Any CPU
		{735C8A20-EAE3-4263-BC2C-23A6CAA02EAD}.Debug|Any CPU.Build.0 = Debug|Any CPU
		{735C8A20-EAE3-4263-BC2C-23A6CAA02EAD}.Release|Any CPU.ActiveCfg = Release|Any CPU
		{735C8A20-EAE3-4263-BC2C-23A6CAA02EAD}.Release|Any CPU.Build.0 = Release|Any CPU
	EndGlobalSection
	GlobalSection(SolutionProperties) = preSolution
		HideSolutionNode = FALSE
	EndGlobalSection
	GlobalSection(ExtensibilityGlobals) = postSolution
		SolutionGuid = {8B96CAEA-619D-4679-8DCB-9E72CA5ECD87}
	EndGlobalSection
EndGlobal
